
Microsoft Visual Studio Solution File, Format Version 12.00
# Visual Studio 15
VisualStudioVersion = 15.0.28010.2019
MinimumVisualStudioVersion = 10.0.40219.1
Project("{8BC9CEB8-8B4A-11D0-8D11-00A0C91BC942}") = "ConsoleApplication4", "ConsoleApplication4\ConsoleApplication4.vcxproj", "{97041C11-CB52-48A1-983F-08831B451C9F}"
EndProject
Project("{8BC9CEB8-8B4A-11D0-8D11-00A0C91BC942}") = "laba3puz", "laba3puz\laba3puz.vcxproj", "{1C1082B7-F32C-4552-8937-A8D6294BEAE3}"
EndProject
Project("{8BC9CEB8-8B4A-11D0-8D11-00A0C91BC942}") = "ConsoleApplication1", "ConsoleApplication1\ConsoleApplication1.vcxproj", "{E36B561A-FAEB-46A4-BAF2-09D115AC7A5A}"
EndProject
Project("{8BC9CEB8-8B4A-11D0-8D11-00A0C91BC942}") = "laba3.cezar", "ConsoleApplication2\ConsoleApplication2.vcxproj", "{1DD83477-05D6-4C76-82E4-E5736516EFE3}"
EndProject
Project("{8BC9CEB8-8B4A-11D0-8D11-00A0C91BC942}") = "laba3.shaker", "laba3.3\laba3.3.vcxproj", "{47BF0189-B9C4-4CE4-80DC-39FFD5E4265C}"
EndProject
Project("{8BC9CEB8-8B4A-11D0-8D11-00A0C91BC942}") = "laba4", "laba4\laba4.vcxproj", "{29F91455-7907-43A4-8A8B-B02C0EB09644}"
EndProject
Project("{8BC9CEB8-8B4A-11D0-8D11-00A0C91BC942}") = "laba5", "laba5\laba5.vcxproj", "{D45A0FEC-08B0-44A5-BB05-84969EEAEBB7}"
EndProject
Project("{8BC9CEB8-8B4A-11D0-8D11-00A0C91BC942}") = "ConsoleApplication3", "ConsoleApplication3\ConsoleApplication3.vcxproj", "{F1CDE3DE-8D34-4AAB-95B3-A624402EC6CE}"
EndProject
Global
	GlobalSection(SolutionConfigurationPlatforms) = preSolution
		Debug|x64 = Debug|x64
		Debug|x86 = Debug|x86
		Release|x64 = Release|x64
		Release|x86 = Release|x86
	EndGlobalSection
	GlobalSection(ProjectConfigurationPlatforms) = postSolution
		{97041C11-CB52-48A1-983F-08831B451C9F}.Debug|x64.ActiveCfg = Debug|x64
		{97041C11-CB52-48A1-983F-08831B451C9F}.Debug|x64.Build.0 = Debug|x64
		{97041C11-CB52-48A1-983F-08831B451C9F}.Debug|x86.ActiveCfg = Debug|Win32
		{97041C11-CB52-48A1-983F-08831B451C9F}.Debug|x86.Build.0 = Debug|Win32
		{97041C11-CB52-48A1-983F-08831B451C9F}.Release|x64.ActiveCfg = Release|x64
		{97041C11-CB52-48A1-983F-08831B451C9F}.Release|x64.Build.0 = Release|x64
		{97041C11-CB52-48A1-983F-08831B451C9F}.Release|x86.ActiveCfg = Release|Win32
		{97041C11-CB52-48A1-983F-08831B451C9F}.Release|x86.Build.0 = Release|Win32
		{1C1082B7-F32C-4552-8937-A8D6294BEAE3}.Debug|x64.ActiveCfg = Debug|x64
		{1C1082B7-F32C-4552-8937-A8D6294BEAE3}.Debug|x64.Build.0 = Debug|x64
		{1C1082B7-F32C-4552-8937-A8D6294BEAE3}.Debug|x86.ActiveCfg = Debug|Win32
		{1C1082B7-F32C-4552-8937-A8D6294BEAE3}.Debug|x86.Build.0 = Debug|Win32
		{1C1082B7-F32C-4552-8937-A8D6294BEAE3}.Release|x64.ActiveCfg = Release|x64
		{1C1082B7-F32C-4552-8937-A8D6294BEAE3}.Release|x64.Build.0 = Release|x64
		{1C1082B7-F32C-4552-8937-A8D6294BEAE3}.Release|x86.ActiveCfg = Release|Win32
		{1C1082B7-F32C-4552-8937-A8D6294BEAE3}.Release|x86.Build.0 = Release|Win32
		{E36B561A-FAEB-46A4-BAF2-09D115AC7A5A}.Debug|x64.ActiveCfg = Debug|x64
		{E36B561A-FAEB-46A4-BAF2-09D115AC7A5A}.Debug|x64.Build.0 = Debug|x64
		{E36B561A-FAEB-46A4-BAF2-09D115AC7A5A}.Debug|x86.ActiveCfg = Debug|Win32
		{E36B561A-FAEB-46A4-BAF2-09D115AC7A5A}.Debug|x86.Build.0 = Debug|Win32
		{E36B561A-FAEB-46A4-BAF2-09D115AC7A5A}.Release|x64.ActiveCfg = Release|x64
		{E36B561A-FAEB-46A4-BAF2-09D115AC7A5A}.Release|x64.Build.0 = Release|x64
		{E36B561A-FAEB-46A4-BAF2-09D115AC7A5A}.Release|x86.ActiveCfg = Release|Win32
		{E36B561A-FAEB-46A4-BAF2-09D115AC7A5A}.Release|x86.Build.0 = Release|Win32
		{1DD83477-05D6-4C76-82E4-E5736516EFE3}.Debug|x64.ActiveCfg = Debug|x64
		{1DD83477-05D6-4C76-82E4-E5736516EFE3}.Debug|x64.Build.0 = Debug|x64
		{1DD83477-05D6-4C76-82E4-E5736516EFE3}.Debug|x86.ActiveCfg = Debug|Win32
		{1DD83477-05D6-4C76-82E4-E5736516EFE3}.Debug|x86.Build.0 = Debug|Win32
		{1DD83477-05D6-4C76-82E4-E5736516EFE3}.Release|x64.ActiveCfg = Release|x64
		{1DD83477-05D6-4C76-82E4-E5736516EFE3}.Release|x64.Build.0 = Release|x64
		{1DD83477-05D6-4C76-82E4-E5736516EFE3}.Release|x86.ActiveCfg = Release|Win32
		{1DD83477-05D6-4C76-82E4-E5736516EFE3}.Release|x86.Build.0 = Release|Win32
		{47BF0189-B9C4-4CE4-80DC-39FFD5E4265C}.Debug|x64.ActiveCfg = Debug|x64
		{47BF0189-B9C4-4CE4-80DC-39FFD5E4265C}.Debug|x64.Build.0 = Debug|x64
		{47BF0189-B9C4-4CE4-80DC-39FFD5E4265C}.Debug|x86.ActiveCfg = Debug|Win32
		{47BF0189-B9C4-4CE4-80DC-39FFD5E4265C}.Debug|x86.Build.0 = Debug|Win32
		{47BF0189-B9C4-4CE4-80DC-39FFD5E4265C}.Release|x64.ActiveCfg = Release|x64
		{47BF0189-B9C4-4CE4-80DC-39FFD5E4265C}.Release|x64.Build.0 = Release|x64
		{47BF0189-B9C4-4CE4-80DC-39FFD5E4265C}.Release|x86.ActiveCfg = Release|Win32
		{47BF0189-B9C4-4CE4-80DC-39FFD5E4265C}.Release|x86.Build.0 = Release|Win32
		{29F91455-7907-43A4-8A8B-B02C0EB09644}.Debug|x64.ActiveCfg = Debug|x64
		{29F91455-7907-43A4-8A8B-B02C0EB09644}.Debug|x64.Build.0 = Debug|x64
		{29F91455-7907-43A4-8A8B-B02C0EB09644}.Debug|x86.ActiveCfg = Debug|Win32
		{29F91455-7907-43A4-8A8B-B02C0EB09644}.Debug|x86.Build.0 = Debug|Win32
		{29F91455-7907-43A4-8A8B-B02C0EB09644}.Release|x64.ActiveCfg = Release|x64
		{29F91455-7907-43A4-8A8B-B02C0EB09644}.Release|x64.Build.0 = Release|x64
		{29F91455-7907-43A4-8A8B-B02C0EB09644}.Release|x86.ActiveCfg = Release|Win32
		{29F91455-7907-43A4-8A8B-B02C0EB09644}.Release|x86.Build.0 = Release|Win32
		{D45A0FEC-08B0-44A5-BB05-84969EEAEBB7}.Debug|x64.ActiveCfg = Debug|x64
		{D45A0FEC-08B0-44A5-BB05-84969EEAEBB7}.Debug|x64.Build.0 = Debug|x64
		{D45A0FEC-08B0-44A5-BB05-84969EEAEBB7}.Debug|x86.ActiveCfg = Debug|Win32
		{D45A0FEC-08B0-44A5-BB05-84969EEAEBB7}.Debug|x86.Build.0 = Debug|Win32
		{D45A0FEC-08B0-44A5-BB05-84969EEAEBB7}.Release|x64.ActiveCfg = Release|x64
		{D45A0FEC-08B0-44A5-BB05-84969EEAEBB7}.Release|x64.Build.0 = Release|x64
		{D45A0FEC-08B0-44A5-BB05-84969EEAEBB7}.Release|x86.ActiveCfg = Release|Win32
		{D45A0FEC-08B0-44A5-BB05-84969EEAEBB7}.Release|x86.Build.0 = Release|Win32
		{F1CDE3DE-8D34-4AAB-95B3-A624402EC6CE}.Debug|x64.ActiveCfg = Debug|x64
		{F1CDE3DE-8D34-4AAB-95B3-A624402EC6CE}.Debug|x64.Build.0 = Debug|x64
		{F1CDE3DE-8D34-4AAB-95B3-A624402EC6CE}.Debug|x86.ActiveCfg = Debug|Win32
		{F1CDE3DE-8D34-4AAB-95B3-A624402EC6CE}.Debug|x86.Build.0 = Debug|Win32
		{F1CDE3DE-8D34-4AAB-95B3-A624402EC6CE}.Release|x64.ActiveCfg = Release|x64
		{F1CDE3DE-8D34-4AAB-95B3-A624402EC6CE}.Release|x64.Build.0 = Release|x64
		{F1CDE3DE-8D34-4AAB-95B3-A624402EC6CE}.Release|x86.ActiveCfg = Release|Win32
		{F1CDE3DE-8D34-4AAB-95B3-A624402EC6CE}.Release|x86.Build.0 = Release|Win32
	EndGlobalSection
	GlobalSection(SolutionProperties) = preSolution
		HideSolutionNode = FALSE
	EndGlobalSection
	GlobalSection(ExtensibilityGlobals) = postSolution
		SolutionGuid = {8A37C192-803C-48E6-B785-1B28F8570BC8}
	EndGlobalSection
EndGlobal
